
Microsoft Visual Studio Solution File, Format Version 12.00
# Visual Studio Version 17
VisualStudioVersion = 17.4.33205.214
MinimumVisualStudioVersion = 10.0.40219.1
Project("{FAE04EC0-301F-11D3-BF4B-00C04F79EFBC}") = "Project", "tasklar\Project.csproj", "{A41E89BE-0513-4B83-A076-DA53AA4291F3}"
EndProject
Project("{FAE04EC0-301F-11D3-BF4B-00C04F79EFBC}") = "Project 2", "task2\Project 2.csproj", "{2EE8C6A3-38BE-4DED-A952-24087BE1DDB1}"
EndProject
Project("{FAE04EC0-301F-11D3-BF4B-00C04F79EFBC}") = "Dersdekiler", "Dersdekiler\Dersdekiler.csproj", "{9C391037-B3B9-4AEA-BC8E-5C291FCC91DA}"
EndProject
Global
	GlobalSection(SolutionConfigurationPlatforms) = preSolution
		Debug|Any CPU = Debug|Any CPU
		Release|Any CPU = Release|Any CPU
	EndGlobalSection
	GlobalSection(ProjectConfigurationPlatforms) = postSolution
		{A41E89BE-0513-4B83-A076-DA53AA4291F3}.Debug|Any CPU.ActiveCfg = Debug|Any CPU
		{A41E89BE-0513-4B83-A076-DA53AA4291F3}.Debug|Any CPU.Build.0 = Debug|Any CPU
		{A41E89BE-0513-4B83-A076-DA53AA4291F3}.Release|Any CPU.ActiveCfg = Release|Any CPU
		{A41E89BE-0513-4B83-A076-DA53AA4291F3}.Release|Any CPU.Build.0 = Release|Any CPU
		{2EE8C6A3-38BE-4DED-A952-24087BE1DDB1}.Debug|Any CPU.ActiveCfg = Debug|Any CPU
		{2EE8C6A3-38BE-4DED-A952-24087BE1DDB1}.Debug|Any CPU.Build.0 = Debug|Any CPU
		{2EE8C6A3-38BE-4DED-A952-24087BE1DDB1}.Release|Any CPU.ActiveCfg = Release|Any CPU
		{2EE8C6A3-38BE-4DED-A952-24087BE1DDB1}.Release|Any CPU.Build.0 = Release|Any CPU
		{9C391037-B3B9-4AEA-BC8E-5C291FCC91DA}.Debug|Any CPU.ActiveCfg = Debug|Any CPU
		{9C391037-B3B9-4AEA-BC8E-5C291FCC91DA}.Debug|Any CPU.Build.0 = Debug|Any CPU
		{9C391037-B3B9-4AEA-BC8E-5C291FCC91DA}.Release|Any CPU.ActiveCfg = Release|Any CPU
		{9C391037-B3B9-4AEA-BC8E-5C291FCC91DA}.Release|Any CPU.Build.0 = Release|Any CPU
	EndGlobalSection
	GlobalSection(SolutionProperties) = preSolution
		HideSolutionNode = FALSE
	EndGlobalSection
	GlobalSection(ExtensibilityGlobals) = postSolution
		SolutionGuid = {7D93B852-AF79-4738-AF76-FB4572B9F0ED}
	EndGlobalSection
EndGlobal
